// !$*UTF8*$!
{
	archiveVersion = 1;
	classes = {
	};
	objectVersion = 51;
	objects = {

/* Begin PBXBuildFile section */
		612402284BEFD85A03A8E2E8 /* Pods_marvel_heroes_ios_marvel_heroes_iosUITests.framework in Frameworks */ = {isa = PBXBuildFile; fileRef = 57A30D0A983192B428BAFFD8 /* Pods_marvel_heroes_ios_marvel_heroes_iosUITests.framework */; };
		7486F02B7325B60B6075B401 /* Pods_marvel_heroes_iosTests.framework in Frameworks */ = {isa = PBXBuildFile; fileRef = 4316440F5F086F7CD2F95246 /* Pods_marvel_heroes_iosTests.framework */; };
		A515770D25BB5720007B54B3 /* HeroListViewController.swift in Sources */ = {isa = PBXBuildFile; fileRef = A515770C25BB5720007B54B3 /* HeroListViewController.swift */; };
		A515771525BB5734007B54B3 /* BaseViewController.swift in Sources */ = {isa = PBXBuildFile; fileRef = A515771425BB5734007B54B3 /* BaseViewController.swift */; };
		A515771B25BB578A007B54B3 /* NavigationController.swift in Sources */ = {isa = PBXBuildFile; fileRef = A515771A25BB578A007B54B3 /* NavigationController.swift */; };
		A515772625BB586E007B54B3 /* Rubik-Bold.ttf in Resources */ = {isa = PBXBuildFile; fileRef = A515772025BB586E007B54B3 /* Rubik-Bold.ttf */; };
		A515772725BB586E007B54B3 /* Rubik-Light.ttf in Resources */ = {isa = PBXBuildFile; fileRef = A515772125BB586E007B54B3 /* Rubik-Light.ttf */; };
		A515772825BB586E007B54B3 /* Rubik-SemiBold.ttf in Resources */ = {isa = PBXBuildFile; fileRef = A515772225BB586E007B54B3 /* Rubik-SemiBold.ttf */; };
		A515772925BB586E007B54B3 /* Rubik-Medium.ttf in Resources */ = {isa = PBXBuildFile; fileRef = A515772325BB586E007B54B3 /* Rubik-Medium.ttf */; };
		A515772A25BB586E007B54B3 /* Rubik-Regular.ttf in Resources */ = {isa = PBXBuildFile; fileRef = A515772425BB586E007B54B3 /* Rubik-Regular.ttf */; };
		A515772B25BB586E007B54B3 /* Rubik-Black.ttf in Resources */ = {isa = PBXBuildFile; fileRef = A515772525BB586E007B54B3 /* Rubik-Black.ttf */; };
		A515773025BB58AB007B54B3 /* AppFont.swift in Sources */ = {isa = PBXBuildFile; fileRef = A515772F25BB58AB007B54B3 /* AppFont.swift */; };
		A515773525BB5A0B007B54B3 /* HeroListViewModel.swift in Sources */ = {isa = PBXBuildFile; fileRef = A515773425BB5A0B007B54B3 /* HeroListViewModel.swift */; };
		A515773D25BB5B11007B54B3 /* CollectionView.swift in Sources */ = {isa = PBXBuildFile; fileRef = A515773C25BB5B11007B54B3 /* CollectionView.swift */; };
		A5804B3025BB606000A33E8E /* HeroCollectionViewCell.swift in Sources */ = {isa = PBXBuildFile; fileRef = A5804B2F25BB606000A33E8E /* HeroCollectionViewCell.swift */; };
		A5804B3A25BB649600A33E8E /* Label.swift in Sources */ = {isa = PBXBuildFile; fileRef = A5804B3925BB649600A33E8E /* Label.swift */; };
		A5804B4125BC376100A33E8E /* LayoutExtension.swift in Sources */ = {isa = PBXBuildFile; fileRef = A5804B4025BC376100A33E8E /* LayoutExtension.swift */; };
		A5804B4825BC506500A33E8E /* HeroListCoordinator.swift in Sources */ = {isa = PBXBuildFile; fileRef = A5804B4725BC506500A33E8E /* HeroListCoordinator.swift */; };
		A5804B5025BC53F400A33E8E /* RestService.swift in Sources */ = {isa = PBXBuildFile; fileRef = A5804B4F25BC53F400A33E8E /* RestService.swift */; };
		A5804B5525BC540700A33E8E /* RestServiceError.swift in Sources */ = {isa = PBXBuildFile; fileRef = A5804B5425BC540700A33E8E /* RestServiceError.swift */; };
		A5804B5B25BC556A00A33E8E /* HeroService.swift in Sources */ = {isa = PBXBuildFile; fileRef = A5804B5A25BC556A00A33E8E /* HeroService.swift */; };
		A5804B7925BC63FC00A33E8E /* Page.swift in Sources */ = {isa = PBXBuildFile; fileRef = A5804B7825BC63FC00A33E8E /* Page.swift */; };
		A5804B7E25BC658F00A33E8E /* HeroModel.swift in Sources */ = {isa = PBXBuildFile; fileRef = A5804B7D25BC658F00A33E8E /* HeroModel.swift */; };
		A5804B9625BC8E3A00A33E8E /* MD5.swift in Sources */ = {isa = PBXBuildFile; fileRef = A5804B9525BC8E3A00A33E8E /* MD5.swift */; };
		A5804BC025BCA35A00A33E8E /* HeroDetailViewModel.swift in Sources */ = {isa = PBXBuildFile; fileRef = A5804BBF25BCA35A00A33E8E /* HeroDetailViewModel.swift */; };
		A5804BC825BCA36500A33E8E /* HeroDetailViewController.swift in Sources */ = {isa = PBXBuildFile; fileRef = A5804BC725BCA36500A33E8E /* HeroDetailViewController.swift */; };
		A5B14B8325BD4A8E00DBA5A9 /* HeroInformationCell.swift in Sources */ = {isa = PBXBuildFile; fileRef = A5B14B8225BD4A8E00DBA5A9 /* HeroInformationCell.swift */; };
		A5B14B8B25BD8B6200DBA5A9 /* ComicsCell.swift in Sources */ = {isa = PBXBuildFile; fileRef = A5B14B8A25BD8B6200DBA5A9 /* ComicsCell.swift */; };
		A5CF8A2125BB48B800DAC2FA /* AppDelegate.swift in Sources */ = {isa = PBXBuildFile; fileRef = A5CF8A2025BB48B800DAC2FA /* AppDelegate.swift */; };
		A5CF8A2325BB48B800DAC2FA /* SceneDelegate.swift in Sources */ = {isa = PBXBuildFile; fileRef = A5CF8A2225BB48B800DAC2FA /* SceneDelegate.swift */; };
		A5CF8A2525BB48B800DAC2FA /* ViewController.swift in Sources */ = {isa = PBXBuildFile; fileRef = A5CF8A2425BB48B800DAC2FA /* ViewController.swift */; };
		A5CF8A2825BB48B800DAC2FA /* Main.storyboard in Resources */ = {isa = PBXBuildFile; fileRef = A5CF8A2625BB48B800DAC2FA /* Main.storyboard */; };
		A5CF8A2A25BB48BA00DAC2FA /* Assets.xcassets in Resources */ = {isa = PBXBuildFile; fileRef = A5CF8A2925BB48BA00DAC2FA /* Assets.xcassets */; };
		A5CF8A2D25BB48BA00DAC2FA /* LaunchScreen.storyboard in Resources */ = {isa = PBXBuildFile; fileRef = A5CF8A2B25BB48BA00DAC2FA /* LaunchScreen.storyboard */; };
		A5CF8A3825BB48BA00DAC2FA /* marvel_heroes_iosTests.swift in Sources */ = {isa = PBXBuildFile; fileRef = A5CF8A3725BB48BA00DAC2FA /* marvel_heroes_iosTests.swift */; };
		A5CF8A4325BB48BA00DAC2FA /* marvel_heroes_iosUITests.swift in Sources */ = {isa = PBXBuildFile; fileRef = A5CF8A4225BB48BA00DAC2FA /* marvel_heroes_iosUITests.swift */; };
		A5CF8A5A25BB535400DAC2FA /* AppCoordinator.swift in Sources */ = {isa = PBXBuildFile; fileRef = A5CF8A5925BB535400DAC2FA /* AppCoordinator.swift */; };
		A5CF8A6225BB53B400DAC2FA /* Coordinator.swift in Sources */ = {isa = PBXBuildFile; fileRef = A5CF8A6125BB53B400DAC2FA /* Coordinator.swift */; };
		A5D3683125BCAE4B007B4C57 /* HeroDetailHeaderCell.swift in Sources */ = {isa = PBXBuildFile; fileRef = A5D3683025BCAE4B007B4C57 /* HeroDetailHeaderCell.swift */; };
		A5D3683B25BCB747007B4C57 /* CollectionViewCellAnimation.swift in Sources */ = {isa = PBXBuildFile; fileRef = A5D3683A25BCB747007B4C57 /* CollectionViewCellAnimation.swift */; };
		F90092E267D7CB53CCE7EEA8 /* Pods_marvel_heroes_ios.framework in Frameworks */ = {isa = PBXBuildFile; fileRef = 9442F0AEDBC5C5C5DBDCA4F5 /* Pods_marvel_heroes_ios.framework */; };
/* End PBXBuildFile section */

/* Begin PBXContainerItemProxy section */
		A5CF8A3425BB48BA00DAC2FA /* PBXContainerItemProxy */ = {
			isa = PBXContainerItemProxy;
			containerPortal = A5CF8A1525BB48B800DAC2FA /* Project object */;
			proxyType = 1;
			remoteGlobalIDString = A5CF8A1C25BB48B800DAC2FA;
			remoteInfo = "marvel-heroes-ios";
		};
		A5CF8A3F25BB48BA00DAC2FA /* PBXContainerItemProxy */ = {
			isa = PBXContainerItemProxy;
			containerPortal = A5CF8A1525BB48B800DAC2FA /* Project object */;
			proxyType = 1;
			remoteGlobalIDString = A5CF8A1C25BB48B800DAC2FA;
			remoteInfo = "marvel-heroes-ios";
		};
/* End PBXContainerItemProxy section */

/* Begin PBXFileReference section */
		2C4B1592C5BAB4E2CDBA8C0B /* Pods-marvel-heroes-ios-marvel-heroes-iosUITests.release.xcconfig */ = {isa = PBXFileReference; includeInIndex = 1; lastKnownFileType = text.xcconfig; name = "Pods-marvel-heroes-ios-marvel-heroes-iosUITests.release.xcconfig"; path = "Target Support Files/Pods-marvel-heroes-ios-marvel-heroes-iosUITests/Pods-marvel-heroes-ios-marvel-heroes-iosUITests.release.xcconfig"; sourceTree = "<group>"; };
		2D46217ACA7D0CC7A6380F88 /* Pods-marvel-heroes-iosTests.debug.xcconfig */ = {isa = PBXFileReference; includeInIndex = 1; lastKnownFileType = text.xcconfig; name = "Pods-marvel-heroes-iosTests.debug.xcconfig"; path = "Target Support Files/Pods-marvel-heroes-iosTests/Pods-marvel-heroes-iosTests.debug.xcconfig"; sourceTree = "<group>"; };
		3E33D3CDF90C3172FFD455A5 /* Pods-marvel-heroes-ios.release.xcconfig */ = {isa = PBXFileReference; includeInIndex = 1; lastKnownFileType = text.xcconfig; name = "Pods-marvel-heroes-ios.release.xcconfig"; path = "Target Support Files/Pods-marvel-heroes-ios/Pods-marvel-heroes-ios.release.xcconfig"; sourceTree = "<group>"; };
		4316440F5F086F7CD2F95246 /* Pods_marvel_heroes_iosTests.framework */ = {isa = PBXFileReference; explicitFileType = wrapper.framework; includeInIndex = 0; path = Pods_marvel_heroes_iosTests.framework; sourceTree = BUILT_PRODUCTS_DIR; };
		57A30D0A983192B428BAFFD8 /* Pods_marvel_heroes_ios_marvel_heroes_iosUITests.framework */ = {isa = PBXFileReference; explicitFileType = wrapper.framework; includeInIndex = 0; path = Pods_marvel_heroes_ios_marvel_heroes_iosUITests.framework; sourceTree = BUILT_PRODUCTS_DIR; };
		80FE3BB09C1B3604347F29B9 /* Pods-marvel-heroes-ios-marvel-heroes-iosUITests.debug.xcconfig */ = {isa = PBXFileReference; includeInIndex = 1; lastKnownFileType = text.xcconfig; name = "Pods-marvel-heroes-ios-marvel-heroes-iosUITests.debug.xcconfig"; path = "Target Support Files/Pods-marvel-heroes-ios-marvel-heroes-iosUITests/Pods-marvel-heroes-ios-marvel-heroes-iosUITests.debug.xcconfig"; sourceTree = "<group>"; };
		937394EF8CB8385E8B194FC6 /* Pods-marvel-heroes-iosTests.release.xcconfig */ = {isa = PBXFileReference; includeInIndex = 1; lastKnownFileType = text.xcconfig; name = "Pods-marvel-heroes-iosTests.release.xcconfig"; path = "Target Support Files/Pods-marvel-heroes-iosTests/Pods-marvel-heroes-iosTests.release.xcconfig"; sourceTree = "<group>"; };
		9442F0AEDBC5C5C5DBDCA4F5 /* Pods_marvel_heroes_ios.framework */ = {isa = PBXFileReference; explicitFileType = wrapper.framework; includeInIndex = 0; path = Pods_marvel_heroes_ios.framework; sourceTree = BUILT_PRODUCTS_DIR; };
		A515770C25BB5720007B54B3 /* HeroListViewController.swift */ = {isa = PBXFileReference; lastKnownFileType = sourcecode.swift; path = HeroListViewController.swift; sourceTree = "<group>"; };
		A515771425BB5734007B54B3 /* BaseViewController.swift */ = {isa = PBXFileReference; lastKnownFileType = sourcecode.swift; path = BaseViewController.swift; sourceTree = "<group>"; };
		A515771A25BB578A007B54B3 /* NavigationController.swift */ = {isa = PBXFileReference; lastKnownFileType = sourcecode.swift; path = NavigationController.swift; sourceTree = "<group>"; };
		A515772025BB586E007B54B3 /* Rubik-Bold.ttf */ = {isa = PBXFileReference; lastKnownFileType = file; path = "Rubik-Bold.ttf"; sourceTree = "<group>"; };
		A515772125BB586E007B54B3 /* Rubik-Light.ttf */ = {isa = PBXFileReference; lastKnownFileType = file; path = "Rubik-Light.ttf"; sourceTree = "<group>"; };
		A515772225BB586E007B54B3 /* Rubik-SemiBold.ttf */ = {isa = PBXFileReference; lastKnownFileType = file; path = "Rubik-SemiBold.ttf"; sourceTree = "<group>"; };
		A515772325BB586E007B54B3 /* Rubik-Medium.ttf */ = {isa = PBXFileReference; lastKnownFileType = file; path = "Rubik-Medium.ttf"; sourceTree = "<group>"; };
		A515772425BB586E007B54B3 /* Rubik-Regular.ttf */ = {isa = PBXFileReference; lastKnownFileType = file; path = "Rubik-Regular.ttf"; sourceTree = "<group>"; };
		A515772525BB586E007B54B3 /* Rubik-Black.ttf */ = {isa = PBXFileReference; lastKnownFileType = file; path = "Rubik-Black.ttf"; sourceTree = "<group>"; };
		A515772F25BB58AB007B54B3 /* AppFont.swift */ = {isa = PBXFileReference; lastKnownFileType = sourcecode.swift; path = AppFont.swift; sourceTree = "<group>"; };
		A515773425BB5A0B007B54B3 /* HeroListViewModel.swift */ = {isa = PBXFileReference; lastKnownFileType = sourcecode.swift; path = HeroListViewModel.swift; sourceTree = "<group>"; };
		A515773C25BB5B11007B54B3 /* CollectionView.swift */ = {isa = PBXFileReference; lastKnownFileType = sourcecode.swift; path = CollectionView.swift; sourceTree = "<group>"; };
		A5804B2F25BB606000A33E8E /* HeroCollectionViewCell.swift */ = {isa = PBXFileReference; lastKnownFileType = sourcecode.swift; path = HeroCollectionViewCell.swift; sourceTree = "<group>"; };
		A5804B3925BB649600A33E8E /* Label.swift */ = {isa = PBXFileReference; lastKnownFileType = sourcecode.swift; path = Label.swift; sourceTree = "<group>"; };
		A5804B4025BC376100A33E8E /* LayoutExtension.swift */ = {isa = PBXFileReference; lastKnownFileType = sourcecode.swift; path = LayoutExtension.swift; sourceTree = "<group>"; };
		A5804B4725BC506500A33E8E /* HeroListCoordinator.swift */ = {isa = PBXFileReference; lastKnownFileType = sourcecode.swift; path = HeroListCoordinator.swift; sourceTree = "<group>"; };
		A5804B4F25BC53F400A33E8E /* RestService.swift */ = {isa = PBXFileReference; lastKnownFileType = sourcecode.swift; path = RestService.swift; sourceTree = "<group>"; };
		A5804B5425BC540700A33E8E /* RestServiceError.swift */ = {isa = PBXFileReference; lastKnownFileType = sourcecode.swift; path = RestServiceError.swift; sourceTree = "<group>"; };
		A5804B5A25BC556A00A33E8E /* HeroService.swift */ = {isa = PBXFileReference; lastKnownFileType = sourcecode.swift; path = HeroService.swift; sourceTree = "<group>"; };
		A5804B7825BC63FC00A33E8E /* Page.swift */ = {isa = PBXFileReference; lastKnownFileType = sourcecode.swift; path = Page.swift; sourceTree = "<group>"; };
		A5804B7D25BC658F00A33E8E /* HeroModel.swift */ = {isa = PBXFileReference; lastKnownFileType = sourcecode.swift; path = HeroModel.swift; sourceTree = "<group>"; };
		A5804B9525BC8E3A00A33E8E /* MD5.swift */ = {isa = PBXFileReference; lastKnownFileType = sourcecode.swift; path = MD5.swift; sourceTree = "<group>"; };
		A5804BBF25BCA35A00A33E8E /* HeroDetailViewModel.swift */ = {isa = PBXFileReference; lastKnownFileType = sourcecode.swift; path = HeroDetailViewModel.swift; sourceTree = "<group>"; };
		A5804BC725BCA36500A33E8E /* HeroDetailViewController.swift */ = {isa = PBXFileReference; lastKnownFileType = sourcecode.swift; path = HeroDetailViewController.swift; sourceTree = "<group>"; };
		A5B14B8225BD4A8E00DBA5A9 /* HeroInformationCell.swift */ = {isa = PBXFileReference; lastKnownFileType = sourcecode.swift; path = HeroInformationCell.swift; sourceTree = "<group>"; };
		A5B14B8A25BD8B6200DBA5A9 /* ComicsCell.swift */ = {isa = PBXFileReference; lastKnownFileType = sourcecode.swift; path = ComicsCell.swift; sourceTree = "<group>"; };
		A5CF8A1D25BB48B800DAC2FA /* marvel-heroes-ios.app */ = {isa = PBXFileReference; explicitFileType = wrapper.application; includeInIndex = 0; path = "marvel-heroes-ios.app"; sourceTree = BUILT_PRODUCTS_DIR; };
		A5CF8A2025BB48B800DAC2FA /* AppDelegate.swift */ = {isa = PBXFileReference; lastKnownFileType = sourcecode.swift; path = AppDelegate.swift; sourceTree = "<group>"; };
		A5CF8A2225BB48B800DAC2FA /* SceneDelegate.swift */ = {isa = PBXFileReference; lastKnownFileType = sourcecode.swift; path = SceneDelegate.swift; sourceTree = "<group>"; };
		A5CF8A2425BB48B800DAC2FA /* ViewController.swift */ = {isa = PBXFileReference; lastKnownFileType = sourcecode.swift; path = ViewController.swift; sourceTree = "<group>"; };
		A5CF8A2725BB48B800DAC2FA /* Base */ = {isa = PBXFileReference; lastKnownFileType = file.storyboard; name = Base; path = Base.lproj/Main.storyboard; sourceTree = "<group>"; };
		A5CF8A2925BB48BA00DAC2FA /* Assets.xcassets */ = {isa = PBXFileReference; lastKnownFileType = folder.assetcatalog; path = Assets.xcassets; sourceTree = "<group>"; };
		A5CF8A2C25BB48BA00DAC2FA /* Base */ = {isa = PBXFileReference; lastKnownFileType = file.storyboard; name = Base; path = Base.lproj/LaunchScreen.storyboard; sourceTree = "<group>"; };
		A5CF8A2E25BB48BA00DAC2FA /* Info.plist */ = {isa = PBXFileReference; lastKnownFileType = text.plist.xml; path = Info.plist; sourceTree = "<group>"; };
		A5CF8A3325BB48BA00DAC2FA /* marvel-heroes-iosTests.xctest */ = {isa = PBXFileReference; explicitFileType = wrapper.cfbundle; includeInIndex = 0; path = "marvel-heroes-iosTests.xctest"; sourceTree = BUILT_PRODUCTS_DIR; };
		A5CF8A3725BB48BA00DAC2FA /* marvel_heroes_iosTests.swift */ = {isa = PBXFileReference; lastKnownFileType = sourcecode.swift; path = marvel_heroes_iosTests.swift; sourceTree = "<group>"; };
		A5CF8A3925BB48BA00DAC2FA /* Info.plist */ = {isa = PBXFileReference; lastKnownFileType = text.plist.xml; path = Info.plist; sourceTree = "<group>"; };
		A5CF8A3E25BB48BA00DAC2FA /* marvel-heroes-iosUITests.xctest */ = {isa = PBXFileReference; explicitFileType = wrapper.cfbundle; includeInIndex = 0; path = "marvel-heroes-iosUITests.xctest"; sourceTree = BUILT_PRODUCTS_DIR; };
		A5CF8A4225BB48BA00DAC2FA /* marvel_heroes_iosUITests.swift */ = {isa = PBXFileReference; lastKnownFileType = sourcecode.swift; path = marvel_heroes_iosUITests.swift; sourceTree = "<group>"; };
		A5CF8A4425BB48BA00DAC2FA /* Info.plist */ = {isa = PBXFileReference; lastKnownFileType = text.plist.xml; path = Info.plist; sourceTree = "<group>"; };
		A5CF8A5925BB535400DAC2FA /* AppCoordinator.swift */ = {isa = PBXFileReference; lastKnownFileType = sourcecode.swift; path = AppCoordinator.swift; sourceTree = "<group>"; };
		A5CF8A6125BB53B400DAC2FA /* Coordinator.swift */ = {isa = PBXFileReference; lastKnownFileType = sourcecode.swift; path = Coordinator.swift; sourceTree = "<group>"; };
		A5D3683025BCAE4B007B4C57 /* HeroDetailHeaderCell.swift */ = {isa = PBXFileReference; lastKnownFileType = sourcecode.swift; path = HeroDetailHeaderCell.swift; sourceTree = "<group>"; };
		A5D3683A25BCB747007B4C57 /* CollectionViewCellAnimation.swift */ = {isa = PBXFileReference; lastKnownFileType = sourcecode.swift; path = CollectionViewCellAnimation.swift; sourceTree = "<group>"; };
		ED8FFB5FF5DB1E6070FE738B /* Pods-marvel-heroes-ios.debug.xcconfig */ = {isa = PBXFileReference; includeInIndex = 1; lastKnownFileType = text.xcconfig; name = "Pods-marvel-heroes-ios.debug.xcconfig"; path = "Target Support Files/Pods-marvel-heroes-ios/Pods-marvel-heroes-ios.debug.xcconfig"; sourceTree = "<group>"; };
/* End PBXFileReference section */

/* Begin PBXFrameworksBuildPhase section */
		A5CF8A1A25BB48B800DAC2FA /* Frameworks */ = {
			isa = PBXFrameworksBuildPhase;
			buildActionMask = 2147483647;
			files = (
				F90092E267D7CB53CCE7EEA8 /* Pods_marvel_heroes_ios.framework in Frameworks */,
			);
			runOnlyForDeploymentPostprocessing = 0;
		};
		A5CF8A3025BB48BA00DAC2FA /* Frameworks */ = {
			isa = PBXFrameworksBuildPhase;
			buildActionMask = 2147483647;
			files = (
				7486F02B7325B60B6075B401 /* Pods_marvel_heroes_iosTests.framework in Frameworks */,
			);
			runOnlyForDeploymentPostprocessing = 0;
		};
		A5CF8A3B25BB48BA00DAC2FA /* Frameworks */ = {
			isa = PBXFrameworksBuildPhase;
			buildActionMask = 2147483647;
			files = (
				612402284BEFD85A03A8E2E8 /* Pods_marvel_heroes_ios_marvel_heroes_iosUITests.framework in Frameworks */,
			);
			runOnlyForDeploymentPostprocessing = 0;
		};
/* End PBXFrameworksBuildPhase section */

/* Begin PBXGroup section */
		9E28791DD1088024E56CD9E1 /* Pods */ = {
			isa = PBXGroup;
			children = (
				ED8FFB5FF5DB1E6070FE738B /* Pods-marvel-heroes-ios.debug.xcconfig */,
				3E33D3CDF90C3172FFD455A5 /* Pods-marvel-heroes-ios.release.xcconfig */,
				80FE3BB09C1B3604347F29B9 /* Pods-marvel-heroes-ios-marvel-heroes-iosUITests.debug.xcconfig */,
				2C4B1592C5BAB4E2CDBA8C0B /* Pods-marvel-heroes-ios-marvel-heroes-iosUITests.release.xcconfig */,
				2D46217ACA7D0CC7A6380F88 /* Pods-marvel-heroes-iosTests.debug.xcconfig */,
				937394EF8CB8385E8B194FC6 /* Pods-marvel-heroes-iosTests.release.xcconfig */,
			);
			path = Pods;
			sourceTree = "<group>";
		};
		A515770A25BB5699007B54B3 /* HeroList */ = {
			isa = PBXGroup;
			children = (
				A5804B4625BC505C00A33E8E /* Coordinator */,
				A515770B25BB56A4007B54B3 /* Views */,
				A5CF8A5625BB52C100DAC2FA /* ViewModel */,
				A5804B7D25BC658F00A33E8E /* HeroModel.swift */,
			);
			path = HeroList;
			sourceTree = "<group>";
		};
		A515770B25BB56A4007B54B3 /* Views */ = {
			isa = PBXGroup;
			children = (
				A515770C25BB5720007B54B3 /* HeroListViewController.swift */,
				A5804B2F25BB606000A33E8E /* HeroCollectionViewCell.swift */,
			);
			path = Views;
			sourceTree = "<group>";
		};
		A515771925BB5766007B54B3 /* Base */ = {
			isa = PBXGroup;
			children = (
				A515771425BB5734007B54B3 /* BaseViewController.swift */,
				A515771A25BB578A007B54B3 /* NavigationController.swift */,
				A515772F25BB58AB007B54B3 /* AppFont.swift */,
				A515773C25BB5B11007B54B3 /* CollectionView.swift */,
				A5804B3925BB649600A33E8E /* Label.swift */,
				A5804B4025BC376100A33E8E /* LayoutExtension.swift */,
				A5804B9525BC8E3A00A33E8E /* MD5.swift */,
				A5D3683A25BCB747007B4C57 /* CollectionViewCellAnimation.swift */,
			);
			path = Base;
			sourceTree = "<group>";
		};
		A515771F25BB5803007B54B3 /* Supporting Files */ = {
			isa = PBXGroup;
			children = (
				A515772525BB586E007B54B3 /* Rubik-Black.ttf */,
				A515772025BB586E007B54B3 /* Rubik-Bold.ttf */,
				A515772125BB586E007B54B3 /* Rubik-Light.ttf */,
				A515772325BB586E007B54B3 /* Rubik-Medium.ttf */,
				A515772425BB586E007B54B3 /* Rubik-Regular.ttf */,
				A515772225BB586E007B54B3 /* Rubik-SemiBold.ttf */,
			);
			path = "Supporting Files";
			sourceTree = "<group>";
		};
		A5804B4625BC505C00A33E8E /* Coordinator */ = {
			isa = PBXGroup;
			children = (
				A5804B4725BC506500A33E8E /* HeroListCoordinator.swift */,
			);
			path = Coordinator;
			sourceTree = "<group>";
		};
		A5804B5925BC556100A33E8E /* Services */ = {
			isa = PBXGroup;
			children = (
				A5804B5A25BC556A00A33E8E /* HeroService.swift */,
			);
			path = Services;
			sourceTree = "<group>";
		};
		A5804BBE25BCA34600A33E8E /* HeroDetail */ = {
			isa = PBXGroup;
			children = (
				A5804BCD25BCAA6200A33E8E /* ViewModel */,
				A5804BCC25BCAA5D00A33E8E /* Views */,
			);
			path = HeroDetail;
			sourceTree = "<group>";
		};
		A5804BCC25BCAA5D00A33E8E /* Views */ = {
			isa = PBXGroup;
			children = (
				A5804BC725BCA36500A33E8E /* HeroDetailViewController.swift */,
				A5D3683025BCAE4B007B4C57 /* HeroDetailHeaderCell.swift */,
				A5B14B8225BD4A8E00DBA5A9 /* HeroInformationCell.swift */,
				A5B14B8A25BD8B6200DBA5A9 /* ComicsCell.swift */,
			);
			path = Views;
			sourceTree = "<group>";
		};
		A5804BCD25BCAA6200A33E8E /* ViewModel */ = {
			isa = PBXGroup;
			children = (
				A5804BBF25BCA35A00A33E8E /* HeroDetailViewModel.swift */,
			);
			path = ViewModel;
			sourceTree = "<group>";
		};
		A5CF8A1425BB48B800DAC2FA = {
			isa = PBXGroup;
			children = (
				A5CF8A1F25BB48B800DAC2FA /* marvel-heroes-ios */,
				A5CF8A3625BB48BA00DAC2FA /* marvel-heroes-iosTests */,
				A5CF8A4125BB48BA00DAC2FA /* marvel-heroes-iosUITests */,
				A5CF8A1E25BB48B800DAC2FA /* Products */,
				9E28791DD1088024E56CD9E1 /* Pods */,
				FB3B5A15BC9E30A2CC024D22 /* Frameworks */,
			);
			sourceTree = "<group>";
		};
		A5CF8A1E25BB48B800DAC2FA /* Products */ = {
			isa = PBXGroup;
			children = (
				A5CF8A1D25BB48B800DAC2FA /* marvel-heroes-ios.app */,
				A5CF8A3325BB48BA00DAC2FA /* marvel-heroes-iosTests.xctest */,
				A5CF8A3E25BB48BA00DAC2FA /* marvel-heroes-iosUITests.xctest */,
			);
			name = Products;
			sourceTree = "<group>";
		};
		A5CF8A1F25BB48B800DAC2FA /* marvel-heroes-ios */ = {
			isa = PBXGroup;
			children = (
				A515771F25BB5803007B54B3 /* Supporting Files */,
				A515771925BB5766007B54B3 /* Base */,
				A515770A25BB5699007B54B3 /* HeroList */,
				A5804BBE25BCA34600A33E8E /* HeroDetail */,
				A5CF8A5825BB52CE00DAC2FA /* NetworkLayer */,
				A5CF8A5725BB52C900DAC2FA /* Model */,
				A5CF8A2025BB48B800DAC2FA /* AppDelegate.swift */,
				A5CF8A2225BB48B800DAC2FA /* SceneDelegate.swift */,
				A5CF8A2425BB48B800DAC2FA /* ViewController.swift */,
				A5CF8A2625BB48B800DAC2FA /* Main.storyboard */,
				A5CF8A2925BB48BA00DAC2FA /* Assets.xcassets */,
				A5CF8A2B25BB48BA00DAC2FA /* LaunchScreen.storyboard */,
				A5CF8A2E25BB48BA00DAC2FA /* Info.plist */,
				A5CF8A5925BB535400DAC2FA /* AppCoordinator.swift */,
				A5CF8A6125BB53B400DAC2FA /* Coordinator.swift */,
			);
			path = "marvel-heroes-ios";
			sourceTree = "<group>";
		};
		A5CF8A3625BB48BA00DAC2FA /* marvel-heroes-iosTests */ = {
			isa = PBXGroup;
			children = (
				A5CF8A3725BB48BA00DAC2FA /* marvel_heroes_iosTests.swift */,
				A5CF8A3925BB48BA00DAC2FA /* Info.plist */,
			);
			path = "marvel-heroes-iosTests";
			sourceTree = "<group>";
		};
		A5CF8A4125BB48BA00DAC2FA /* marvel-heroes-iosUITests */ = {
			isa = PBXGroup;
			children = (
				A5CF8A4225BB48BA00DAC2FA /* marvel_heroes_iosUITests.swift */,
				A5CF8A4425BB48BA00DAC2FA /* Info.plist */,
			);
			path = "marvel-heroes-iosUITests";
			sourceTree = "<group>";
		};
		A5CF8A5625BB52C100DAC2FA /* ViewModel */ = {
			isa = PBXGroup;
			children = (
				A515773425BB5A0B007B54B3 /* HeroListViewModel.swift */,
			);
			path = ViewModel;
			sourceTree = "<group>";
		};
		A5CF8A5725BB52C900DAC2FA /* Model */ = {
			isa = PBXGroup;
			children = (
			);
			path = Model;
			sourceTree = "<group>";
		};
		A5CF8A5825BB52CE00DAC2FA /* NetworkLayer */ = {
			isa = PBXGroup;
			children = (
				A5804B5925BC556100A33E8E /* Services */,
				A5804B4F25BC53F400A33E8E /* RestService.swift */,
				A5804B5425BC540700A33E8E /* RestServiceError.swift */,
				A5804B7825BC63FC00A33E8E /* Page.swift */,
			);
			path = NetworkLayer;
			sourceTree = "<group>";
		};
		FB3B5A15BC9E30A2CC024D22 /* Frameworks */ = {
			isa = PBXGroup;
			children = (
				9442F0AEDBC5C5C5DBDCA4F5 /* Pods_marvel_heroes_ios.framework */,
				57A30D0A983192B428BAFFD8 /* Pods_marvel_heroes_ios_marvel_heroes_iosUITests.framework */,
				4316440F5F086F7CD2F95246 /* Pods_marvel_heroes_iosTests.framework */,
			);
			name = Frameworks;
			sourceTree = "<group>";
		};
/* End PBXGroup section */

/* Begin PBXNativeTarget section */
		A5CF8A1C25BB48B800DAC2FA /* marvel-heroes-ios */ = {
			isa = PBXNativeTarget;
			buildConfigurationList = A5CF8A4725BB48BA00DAC2FA /* Build configuration list for PBXNativeTarget "marvel-heroes-ios" */;
			buildPhases = (
				125473A29990BBFF382F0717 /* [CP] Check Pods Manifest.lock */,
				A5CF8A1925BB48B800DAC2FA /* Sources */,
				A5CF8A1A25BB48B800DAC2FA /* Frameworks */,
				A5CF8A1B25BB48B800DAC2FA /* Resources */,
				9671E47A954DD72FDE15EAB8 /* [CP] Embed Pods Frameworks */,
			);
			buildRules = (
			);
			dependencies = (
			);
			name = "marvel-heroes-ios";
			productName = "marvel-heroes-ios";
			productReference = A5CF8A1D25BB48B800DAC2FA /* marvel-heroes-ios.app */;
			productType = "com.apple.product-type.application";
		};
		A5CF8A3225BB48BA00DAC2FA /* marvel-heroes-iosTests */ = {
			isa = PBXNativeTarget;
			buildConfigurationList = A5CF8A4A25BB48BA00DAC2FA /* Build configuration list for PBXNativeTarget "marvel-heroes-iosTests" */;
			buildPhases = (
				E85A8DDEBFB773C1B4BE2CE6 /* [CP] Check Pods Manifest.lock */,
				A5CF8A2F25BB48BA00DAC2FA /* Sources */,
				A5CF8A3025BB48BA00DAC2FA /* Frameworks */,
				A5CF8A3125BB48BA00DAC2FA /* Resources */,
			);
			buildRules = (
			);
			dependencies = (
				A5CF8A3525BB48BA00DAC2FA /* PBXTargetDependency */,
			);
			name = "marvel-heroes-iosTests";
			productName = "marvel-heroes-iosTests";
			productReference = A5CF8A3325BB48BA00DAC2FA /* marvel-heroes-iosTests.xctest */;
			productType = "com.apple.product-type.bundle.unit-test";
		};
		A5CF8A3D25BB48BA00DAC2FA /* marvel-heroes-iosUITests */ = {
			isa = PBXNativeTarget;
			buildConfigurationList = A5CF8A4D25BB48BA00DAC2FA /* Build configuration list for PBXNativeTarget "marvel-heroes-iosUITests" */;
			buildPhases = (
				7BCE12EE1360CE79D44FC642 /* [CP] Check Pods Manifest.lock */,
				A5CF8A3A25BB48BA00DAC2FA /* Sources */,
				A5CF8A3B25BB48BA00DAC2FA /* Frameworks */,
				A5CF8A3C25BB48BA00DAC2FA /* Resources */,
				28E83F728FE6B0846E288916 /* [CP] Embed Pods Frameworks */,
			);
			buildRules = (
			);
			dependencies = (
				A5CF8A4025BB48BA00DAC2FA /* PBXTargetDependency */,
			);
			name = "marvel-heroes-iosUITests";
			productName = "marvel-heroes-iosUITests";
			productReference = A5CF8A3E25BB48BA00DAC2FA /* marvel-heroes-iosUITests.xctest */;
			productType = "com.apple.product-type.bundle.ui-testing";
		};
/* End PBXNativeTarget section */

/* Begin PBXProject section */
		A5CF8A1525BB48B800DAC2FA /* Project object */ = {
			isa = PBXProject;
			attributes = {
				LastSwiftUpdateCheck = 1200;
				LastUpgradeCheck = 1200;
				TargetAttributes = {
					A5CF8A1C25BB48B800DAC2FA = {
						CreatedOnToolsVersion = 12.0;
					};
					A5CF8A3225BB48BA00DAC2FA = {
						CreatedOnToolsVersion = 12.0;
						TestTargetID = A5CF8A1C25BB48B800DAC2FA;
					};
					A5CF8A3D25BB48BA00DAC2FA = {
						CreatedOnToolsVersion = 12.0;
						TestTargetID = A5CF8A1C25BB48B800DAC2FA;
					};
				};
			};
			buildConfigurationList = A5CF8A1825BB48B800DAC2FA /* Build configuration list for PBXProject "marvel-heroes-ios" */;
			compatibilityVersion = "Xcode 9.3";
			developmentRegion = en;
			hasScannedForEncodings = 0;
			knownRegions = (
				en,
				Base,
			);
			mainGroup = A5CF8A1425BB48B800DAC2FA;
			productRefGroup = A5CF8A1E25BB48B800DAC2FA /* Products */;
			projectDirPath = "";
			projectRoot = "";
			targets = (
				A5CF8A1C25BB48B800DAC2FA /* marvel-heroes-ios */,
				A5CF8A3225BB48BA00DAC2FA /* marvel-heroes-iosTests */,
				A5CF8A3D25BB48BA00DAC2FA /* marvel-heroes-iosUITests */,
			);
		};
/* End PBXProject section */

/* Begin PBXResourcesBuildPhase section */
		A5CF8A1B25BB48B800DAC2FA /* Resources */ = {
			isa = PBXResourcesBuildPhase;
			buildActionMask = 2147483647;
			files = (
				A5CF8A2D25BB48BA00DAC2FA /* LaunchScreen.storyboard in Resources */,
				A515772A25BB586E007B54B3 /* Rubik-Regular.ttf in Resources */,
				A515772625BB586E007B54B3 /* Rubik-Bold.ttf in Resources */,
				A515772725BB586E007B54B3 /* Rubik-Light.ttf in Resources */,
				A515772825BB586E007B54B3 /* Rubik-SemiBold.ttf in Resources */,
				A5CF8A2A25BB48BA00DAC2FA /* Assets.xcassets in Resources */,
				A515772B25BB586E007B54B3 /* Rubik-Black.ttf in Resources */,
				A5CF8A2825BB48B800DAC2FA /* Main.storyboard in Resources */,
				A515772925BB586E007B54B3 /* Rubik-Medium.ttf in Resources */,
			);
			runOnlyForDeploymentPostprocessing = 0;
		};
		A5CF8A3125BB48BA00DAC2FA /* Resources */ = {
			isa = PBXResourcesBuildPhase;
			buildActionMask = 2147483647;
			files = (
			);
			runOnlyForDeploymentPostprocessing = 0;
		};
		A5CF8A3C25BB48BA00DAC2FA /* Resources */ = {
			isa = PBXResourcesBuildPhase;
			buildActionMask = 2147483647;
			files = (
			);
			runOnlyForDeploymentPostprocessing = 0;
		};
/* End PBXResourcesBuildPhase section */

/* Begin PBXShellScriptBuildPhase section */
		125473A29990BBFF382F0717 /* [CP] Check Pods Manifest.lock */ = {
			isa = PBXShellScriptBuildPhase;
			buildActionMask = 2147483647;
			files = (
			);
			inputFileListPaths = (
			);
			inputPaths = (
				"${PODS_PODFILE_DIR_PATH}/Podfile.lock",
				"${PODS_ROOT}/Manifest.lock",
			);
			name = "[CP] Check Pods Manifest.lock";
			outputFileListPaths = (
			);
			outputPaths = (
				"$(DERIVED_FILE_DIR)/Pods-marvel-heroes-ios-checkManifestLockResult.txt",
			);
			runOnlyForDeploymentPostprocessing = 0;
			shellPath = /bin/sh;
			shellScript = "diff \"${PODS_PODFILE_DIR_PATH}/Podfile.lock\" \"${PODS_ROOT}/Manifest.lock\" > /dev/null\nif [ $? != 0 ] ; then\n    # print error to STDERR\n    echo \"error: The sandbox is not in sync with the Podfile.lock. Run 'pod install' or update your CocoaPods installation.\" >&2\n    exit 1\nfi\n# This output is used by Xcode 'outputs' to avoid re-running this script phase.\necho \"SUCCESS\" > \"${SCRIPT_OUTPUT_FILE_0}\"\n";
			showEnvVarsInLog = 0;
		};
		28E83F728FE6B0846E288916 /* [CP] Embed Pods Frameworks */ = {
			isa = PBXShellScriptBuildPhase;
			buildActionMask = 2147483647;
			files = (
			);
			inputFileListPaths = (
				"${PODS_ROOT}/Target Support Files/Pods-marvel-heroes-ios-marvel-heroes-iosUITests/Pods-marvel-heroes-ios-marvel-heroes-iosUITests-frameworks-${CONFIGURATION}-input-files.xcfilelist",
			);
			name = "[CP] Embed Pods Frameworks";
			outputFileListPaths = (
				"${PODS_ROOT}/Target Support Files/Pods-marvel-heroes-ios-marvel-heroes-iosUITests/Pods-marvel-heroes-ios-marvel-heroes-iosUITests-frameworks-${CONFIGURATION}-output-files.xcfilelist",
			);
			runOnlyForDeploymentPostprocessing = 0;
			shellPath = /bin/sh;
			shellScript = "\"${PODS_ROOT}/Target Support Files/Pods-marvel-heroes-ios-marvel-heroes-iosUITests/Pods-marvel-heroes-ios-marvel-heroes-iosUITests-frameworks.sh\"\n";
			showEnvVarsInLog = 0;
		};
		7BCE12EE1360CE79D44FC642 /* [CP] Check Pods Manifest.lock */ = {
			isa = PBXShellScriptBuildPhase;
			buildActionMask = 2147483647;
			files = (
			);
			inputFileListPaths = (
			);
			inputPaths = (
				"${PODS_PODFILE_DIR_PATH}/Podfile.lock",
				"${PODS_ROOT}/Manifest.lock",
			);
			name = "[CP] Check Pods Manifest.lock";
			outputFileListPaths = (
			);
			outputPaths = (
				"$(DERIVED_FILE_DIR)/Pods-marvel-heroes-ios-marvel-heroes-iosUITests-checkManifestLockResult.txt",
			);
			runOnlyForDeploymentPostprocessing = 0;
			shellPath = /bin/sh;
			shellScript = "diff \"${PODS_PODFILE_DIR_PATH}/Podfile.lock\" \"${PODS_ROOT}/Manifest.lock\" > /dev/null\nif [ $? != 0 ] ; then\n    # print error to STDERR\n    echo \"error: The sandbox is not in sync with the Podfile.lock. Run 'pod install' or update your CocoaPods installation.\" >&2\n    exit 1\nfi\n# This output is used by Xcode 'outputs' to avoid re-running this script phase.\necho \"SUCCESS\" > \"${SCRIPT_OUTPUT_FILE_0}\"\n";
			showEnvVarsInLog = 0;
		};
		9671E47A954DD72FDE15EAB8 /* [CP] Embed Pods Frameworks */ = {
			isa = PBXShellScriptBuildPhase;
			buildActionMask = 2147483647;
			files = (
			);
			inputFileListPaths = (
				"${PODS_ROOT}/Target Support Files/Pods-marvel-heroes-ios/Pods-marvel-heroes-ios-frameworks-${CONFIGURATION}-input-files.xcfilelist",
			);
			name = "[CP] Embed Pods Frameworks";
			outputFileListPaths = (
				"${PODS_ROOT}/Target Support Files/Pods-marvel-heroes-ios/Pods-marvel-heroes-ios-frameworks-${CONFIGURATION}-output-files.xcfilelist",
			);
			runOnlyForDeploymentPostprocessing = 0;
			shellPath = /bin/sh;
			shellScript = "\"${PODS_ROOT}/Target Support Files/Pods-marvel-heroes-ios/Pods-marvel-heroes-ios-frameworks.sh\"\n";
			showEnvVarsInLog = 0;
		};
		E85A8DDEBFB773C1B4BE2CE6 /* [CP] Check Pods Manifest.lock */ = {
			isa = PBXShellScriptBuildPhase;
			buildActionMask = 2147483647;
			files = (
			);
			inputFileListPaths = (
			);
			inputPaths = (
				"${PODS_PODFILE_DIR_PATH}/Podfile.lock",
				"${PODS_ROOT}/Manifest.lock",
			);
			name = "[CP] Check Pods Manifest.lock";
			outputFileListPaths = (
			);
			outputPaths = (
				"$(DERIVED_FILE_DIR)/Pods-marvel-heroes-iosTests-checkManifestLockResult.txt",
			);
			runOnlyForDeploymentPostprocessing = 0;
			shellPath = /bin/sh;
			shellScript = "diff \"${PODS_PODFILE_DIR_PATH}/Podfile.lock\" \"${PODS_ROOT}/Manifest.lock\" > /dev/null\nif [ $? != 0 ] ; then\n    # print error to STDERR\n    echo \"error: The sandbox is not in sync with the Podfile.lock. Run 'pod install' or update your CocoaPods installation.\" >&2\n    exit 1\nfi\n# This output is used by Xcode 'outputs' to avoid re-running this script phase.\necho \"SUCCESS\" > \"${SCRIPT_OUTPUT_FILE_0}\"\n";
			showEnvVarsInLog = 0;
		};
/* End PBXShellScriptBuildPhase section */

/* Begin PBXSourcesBuildPhase section */
		A5CF8A1925BB48B800DAC2FA /* Sources */ = {
			isa = PBXSourcesBuildPhase;
			buildActionMask = 2147483647;
			files = (
				A515770D25BB5720007B54B3 /* HeroListViewController.swift in Sources */,
				A5D3683125BCAE4B007B4C57 /* HeroDetailHeaderCell.swift in Sources */,
				A515771B25BB578A007B54B3 /* NavigationController.swift in Sources */,
				A5804B4825BC506500A33E8E /* HeroListCoordinator.swift in Sources */,
				A515773025BB58AB007B54B3 /* AppFont.swift in Sources */,
				A5804B4125BC376100A33E8E /* LayoutExtension.swift in Sources */,
				A5CF8A5A25BB535400DAC2FA /* AppCoordinator.swift in Sources */,
				A5804B3025BB606000A33E8E /* HeroCollectionViewCell.swift in Sources */,
				A515773525BB5A0B007B54B3 /* HeroListViewModel.swift in Sources */,
				A5804BC825BCA36500A33E8E /* HeroDetailViewController.swift in Sources */,
				A5CF8A2525BB48B800DAC2FA /* ViewController.swift in Sources */,
				A5804B9625BC8E3A00A33E8E /* MD5.swift in Sources */,
				A5CF8A6225BB53B400DAC2FA /* Coordinator.swift in Sources */,
				A5804BC025BCA35A00A33E8E /* HeroDetailViewModel.swift in Sources */,
				A5D3683B25BCB747007B4C57 /* CollectionViewCellAnimation.swift in Sources */,
				A5804B7E25BC658F00A33E8E /* HeroModel.swift in Sources */,
				A5804B5B25BC556A00A33E8E /* HeroService.swift in Sources */,
				A5CF8A2125BB48B800DAC2FA /* AppDelegate.swift in Sources */,
				A515771525BB5734007B54B3 /* BaseViewController.swift in Sources */,
				A5804B7925BC63FC00A33E8E /* Page.swift in Sources */,
				A515773D25BB5B11007B54B3 /* CollectionView.swift in Sources */,
				A5804B5025BC53F400A33E8E /* RestService.swift in Sources */,
				A5804B3A25BB649600A33E8E /* Label.swift in Sources */,
				A5804B5525BC540700A33E8E /* RestServiceError.swift in Sources */,
				A5B14B8B25BD8B6200DBA5A9 /* ComicsCell.swift in Sources */,
				A5CF8A2325BB48B800DAC2FA /* SceneDelegate.swift in Sources */,
				A5B14B8325BD4A8E00DBA5A9 /* HeroInformationCell.swift in Sources */,
			);
			runOnlyForDeploymentPostprocessing = 0;
		};
		A5CF8A2F25BB48BA00DAC2FA /* Sources */ = {
			isa = PBXSourcesBuildPhase;
			buildActionMask = 2147483647;
			files = (
				A5CF8A3825BB48BA00DAC2FA /* marvel_heroes_iosTests.swift in Sources */,
			);
			runOnlyForDeploymentPostprocessing = 0;
		};
		A5CF8A3A25BB48BA00DAC2FA /* Sources */ = {
			isa = PBXSourcesBuildPhase;
			buildActionMask = 2147483647;
			files = (
				A5CF8A4325BB48BA00DAC2FA /* marvel_heroes_iosUITests.swift in Sources */,
			);
			runOnlyForDeploymentPostprocessing = 0;
		};
/* End PBXSourcesBuildPhase section */

/* Begin PBXTargetDependency section */
		A5CF8A3525BB48BA00DAC2FA /* PBXTargetDependency */ = {
			isa = PBXTargetDependency;
			target = A5CF8A1C25BB48B800DAC2FA /* marvel-heroes-ios */;
			targetProxy = A5CF8A3425BB48BA00DAC2FA /* PBXContainerItemProxy */;
		};
		A5CF8A4025BB48BA00DAC2FA /* PBXTargetDependency */ = {
			isa = PBXTargetDependency;
			target = A5CF8A1C25BB48B800DAC2FA /* marvel-heroes-ios */;
			targetProxy = A5CF8A3F25BB48BA00DAC2FA /* PBXContainerItemProxy */;
		};
/* End PBXTargetDependency section */

/* Begin PBXVariantGroup section */
		A5CF8A2625BB48B800DAC2FA /* Main.storyboard */ = {
			isa = PBXVariantGroup;
			children = (
				A5CF8A2725BB48B800DAC2FA /* Base */,
			);
			name = Main.storyboard;
			sourceTree = "<group>";
		};
		A5CF8A2B25BB48BA00DAC2FA /* LaunchScreen.storyboard */ = {
			isa = PBXVariantGroup;
			children = (
				A5CF8A2C25BB48BA00DAC2FA /* Base */,
			);
			name = LaunchScreen.storyboard;
			sourceTree = "<group>";
		};
/* End PBXVariantGroup section */

/* Begin XCBuildConfiguration section */
		A5CF8A4525BB48BA00DAC2FA /* Debug */ = {
			isa = XCBuildConfiguration;
			buildSettings = {
				ALWAYS_SEARCH_USER_PATHS = NO;
				CLANG_ANALYZER_NONNULL = YES;
				CLANG_ANALYZER_NUMBER_OBJECT_CONVERSION = YES_AGGRESSIVE;
				CLANG_CXX_LANGUAGE_STANDARD = "gnu++14";
				CLANG_CXX_LIBRARY = "libc++";
				CLANG_ENABLE_MODULES = YES;
				CLANG_ENABLE_OBJC_ARC = YES;
				CLANG_ENABLE_OBJC_WEAK = YES;
				CLANG_WARN_BLOCK_CAPTURE_AUTORELEASING = YES;
				CLANG_WARN_BOOL_CONVERSION = YES;
				CLANG_WARN_COMMA = YES;
				CLANG_WARN_CONSTANT_CONVERSION = YES;
				CLANG_WARN_DEPRECATED_OBJC_IMPLEMENTATIONS = YES;
				CLANG_WARN_DIRECT_OBJC_ISA_USAGE = YES_ERROR;
				CLANG_WARN_DOCUMENTATION_COMMENTS = YES;
				CLANG_WARN_EMPTY_BODY = YES;
				CLANG_WARN_ENUM_CONVERSION = YES;
				CLANG_WARN_INFINITE_RECURSION = YES;
				CLANG_WARN_INT_CONVERSION = YES;
				CLANG_WARN_NON_LITERAL_NULL_CONVERSION = YES;
				CLANG_WARN_OBJC_IMPLICIT_RETAIN_SELF = YES;
				CLANG_WARN_OBJC_LITERAL_CONVERSION = YES;
				CLANG_WARN_OBJC_ROOT_CLASS = YES_ERROR;
				CLANG_WARN_QUOTED_INCLUDE_IN_FRAMEWORK_HEADER = YES;
				CLANG_WARN_RANGE_LOOP_ANALYSIS = YES;
				CLANG_WARN_STRICT_PROTOTYPES = YES;
				CLANG_WARN_SUSPICIOUS_MOVE = YES;
				CLANG_WARN_UNGUARDED_AVAILABILITY = YES_AGGRESSIVE;
				CLANG_WARN_UNREACHABLE_CODE = YES;
				CLANG_WARN__DUPLICATE_METHOD_MATCH = YES;
				COPY_PHASE_STRIP = NO;
				DEBUG_INFORMATION_FORMAT = dwarf;
				ENABLE_STRICT_OBJC_MSGSEND = YES;
				ENABLE_TESTABILITY = YES;
				GCC_C_LANGUAGE_STANDARD = gnu11;
				GCC_DYNAMIC_NO_PIC = NO;
				GCC_NO_COMMON_BLOCKS = YES;
				GCC_OPTIMIZATION_LEVEL = 0;
				GCC_PREPROCESSOR_DEFINITIONS = (
					"DEBUG=1",
					"$(inherited)",
				);
				GCC_WARN_64_TO_32_BIT_CONVERSION = YES;
				GCC_WARN_ABOUT_RETURN_TYPE = YES_ERROR;
				GCC_WARN_UNDECLARED_SELECTOR = YES;
				GCC_WARN_UNINITIALIZED_AUTOS = YES_AGGRESSIVE;
				GCC_WARN_UNUSED_FUNCTION = YES;
				GCC_WARN_UNUSED_VARIABLE = YES;
				IPHONEOS_DEPLOYMENT_TARGET = 14.0;
				MTL_ENABLE_DEBUG_INFO = INCLUDE_SOURCE;
				MTL_FAST_MATH = YES;
				ONLY_ACTIVE_ARCH = YES;
				SDKROOT = iphoneos;
				SWIFT_ACTIVE_COMPILATION_CONDITIONS = DEBUG;
				SWIFT_OPTIMIZATION_LEVEL = "-Onone";
			};
			name = Debug;
		};
		A5CF8A4625BB48BA00DAC2FA /* Release */ = {
			isa = XCBuildConfiguration;
			buildSettings = {
				ALWAYS_SEARCH_USER_PATHS = NO;
				CLANG_ANALYZER_NONNULL = YES;
				CLANG_ANALYZER_NUMBER_OBJECT_CONVERSION = YES_AGGRESSIVE;
				CLANG_CXX_LANGUAGE_STANDARD = "gnu++14";
				CLANG_CXX_LIBRARY = "libc++";
				CLANG_ENABLE_MODULES = YES;
				CLANG_ENABLE_OBJC_ARC = YES;
				CLANG_ENABLE_OBJC_WEAK = YES;
				CLANG_WARN_BLOCK_CAPTURE_AUTORELEASING = YES;
				CLANG_WARN_BOOL_CONVERSION = YES;
				CLANG_WARN_COMMA = YES;
				CLANG_WARN_CONSTANT_CONVERSION = YES;
				CLANG_WARN_DEPRECATED_OBJC_IMPLEMENTATIONS = YES;
				CLANG_WARN_DIRECT_OBJC_ISA_USAGE = YES_ERROR;
				CLANG_WARN_DOCUMENTATION_COMMENTS = YES;
				CLANG_WARN_EMPTY_BODY = YES;
				CLANG_WARN_ENUM_CONVERSION = YES;
				CLANG_WARN_INFINITE_RECURSION = YES;
				CLANG_WARN_INT_CONVERSION = YES;
				CLANG_WARN_NON_LITERAL_NULL_CONVERSION = YES;
				CLANG_WARN_OBJC_IMPLICIT_RETAIN_SELF = YES;
				CLANG_WARN_OBJC_LITERAL_CONVERSION = YES;
				CLANG_WARN_OBJC_ROOT_CLASS = YES_ERROR;
				CLANG_WARN_QUOTED_INCLUDE_IN_FRAMEWORK_HEADER = YES;
				CLANG_WARN_RANGE_LOOP_ANALYSIS = YES;
				CLANG_WARN_STRICT_PROTOTYPES = YES;
				CLANG_WARN_SUSPICIOUS_MOVE = YES;
				CLANG_WARN_UNGUARDED_AVAILABILITY = YES_AGGRESSIVE;
				CLANG_WARN_UNREACHABLE_CODE = YES;
				CLANG_WARN__DUPLICATE_METHOD_MATCH = YES;
				COPY_PHASE_STRIP = NO;
				DEBUG_INFORMATION_FORMAT = "dwarf-with-dsym";
				ENABLE_NS_ASSERTIONS = NO;
				ENABLE_STRICT_OBJC_MSGSEND = YES;
				GCC_C_LANGUAGE_STANDARD = gnu11;
				GCC_NO_COMMON_BLOCKS = YES;
				GCC_WARN_64_TO_32_BIT_CONVERSION = YES;
				GCC_WARN_ABOUT_RETURN_TYPE = YES_ERROR;
				GCC_WARN_UNDECLARED_SELECTOR = YES;
				GCC_WARN_UNINITIALIZED_AUTOS = YES_AGGRESSIVE;
				GCC_WARN_UNUSED_FUNCTION = YES;
				GCC_WARN_UNUSED_VARIABLE = YES;
				IPHONEOS_DEPLOYMENT_TARGET = 14.0;
				MTL_ENABLE_DEBUG_INFO = NO;
				MTL_FAST_MATH = YES;
				SDKROOT = iphoneos;
				SWIFT_COMPILATION_MODE = wholemodule;
				SWIFT_OPTIMIZATION_LEVEL = "-O";
				VALIDATE_PRODUCT = YES;
			};
			name = Release;
		};
		A5CF8A4825BB48BA00DAC2FA /* Debug */ = {
			isa = XCBuildConfiguration;
			baseConfigurationReference = ED8FFB5FF5DB1E6070FE738B /* Pods-marvel-heroes-ios.debug.xcconfig */;
			buildSettings = {
				ASSETCATALOG_COMPILER_APPICON_NAME = AppIcon;
				ASSETCATALOG_COMPILER_GLOBAL_ACCENT_COLOR_NAME = AccentColor;
				CODE_SIGN_STYLE = Automatic;
				DEVELOPMENT_TEAM = MT6RW97B5Y;
				INFOPLIST_FILE = "marvel-heroes-ios/Info.plist";
				LD_RUNPATH_SEARCH_PATHS = (
					"$(inherited)",
					"@executable_path/Frameworks",
				);
				PRODUCT_BUNDLE_IDENTIFIER = "com.xff.app.marvel-heroes-ios";
				PRODUCT_NAME = "$(TARGET_NAME)";
				SWIFT_VERSION = 5.0;
				TARGETED_DEVICE_FAMILY = 1;
			};
			name = Debug;
		};
		A5CF8A4925BB48BA00DAC2FA /* Release */ = {
			isa = XCBuildConfiguration;
			baseConfigurationReference = 3E33D3CDF90C3172FFD455A5 /* Pods-marvel-heroes-ios.release.xcconfig */;
			buildSettings = {
				ASSETCATALOG_COMPILER_APPICON_NAME = AppIcon;
				ASSETCATALOG_COMPILER_GLOBAL_ACCENT_COLOR_NAME = AccentColor;
				CODE_SIGN_STYLE = Automatic;
				DEVELOPMENT_TEAM = MT6RW97B5Y;
				INFOPLIST_FILE = "marvel-heroes-ios/Info.plist";
				LD_RUNPATH_SEARCH_PATHS = (
					"$(inherited)",
					"@executable_path/Frameworks",
				);
				PRODUCT_BUNDLE_IDENTIFIER = "com.xff.app.marvel-heroes-ios";
				PRODUCT_NAME = "$(TARGET_NAME)";
				SWIFT_VERSION = 5.0;
				TARGETED_DEVICE_FAMILY = 1;
			};
			name = Release;
		};
		A5CF8A4B25BB48BA00DAC2FA /* Debug */ = {
			isa = XCBuildConfiguration;
			baseConfigurationReference = 2D46217ACA7D0CC7A6380F88 /* Pods-marvel-heroes-iosTests.debug.xcconfig */;
			buildSettings = {
				ALWAYS_EMBED_SWIFT_STANDARD_LIBRARIES = YES;
				BUNDLE_LOADER = "$(TEST_HOST)";
				CODE_SIGN_STYLE = Automatic;
				DEVELOPMENT_TEAM = MT6RW97B5Y;
				INFOPLIST_FILE = "marvel-heroes-iosTests/Info.plist";
				IPHONEOS_DEPLOYMENT_TARGET = 14.0;
				LD_RUNPATH_SEARCH_PATHS = (
					"$(inherited)",
					"@executable_path/Frameworks",
					"@loader_path/Frameworks",
				);
				PRODUCT_BUNDLE_IDENTIFIER = "com.xff.app.marvel-heroes-iosTests";
				PRODUCT_NAME = "$(TARGET_NAME)";
				SWIFT_VERSION = 5.0;
				TARGETED_DEVICE_FAMILY = "1,2";
				TEST_HOST = "$(BUILT_PRODUCTS_DIR)/marvel-heroes-ios.app/marvel-heroes-ios";
			};
			name = Debug;
		};
		A5CF8A4C25BB48BA00DAC2FA /* Release */ = {
			isa = XCBuildConfiguration;
			baseConfigurationReference = 937394EF8CB8385E8B194FC6 /* Pods-marvel-heroes-iosTests.release.xcconfig */;
			buildSettings = {
				ALWAYS_EMBED_SWIFT_STANDARD_LIBRARIES = YES;
				BUNDLE_LOADER = "$(TEST_HOST)";
				CODE_SIGN_STYLE = Automatic;
				DEVELOPMENT_TEAM = MT6RW97B5Y;
				INFOPLIST_FILE = "marvel-heroes-iosTests/Info.plist";
				IPHONEOS_DEPLOYMENT_TARGET = 14.0;
				LD_RUNPATH_SEARCH_PATHS = (
					"$(inherited)",
					"@executable_path/Frameworks",
					"@loader_path/Frameworks",
				);
				PRODUCT_BUNDLE_IDENTIFIER = "com.xff.app.marvel-heroes-iosTests";
				PRODUCT_NAME = "$(TARGET_NAME)";
				SWIFT_VERSION = 5.0;
				TARGETED_DEVICE_FAMILY = "1,2";
				TEST_HOST = "$(BUILT_PRODUCTS_DIR)/marvel-heroes-ios.app/marvel-heroes-ios";
			};
			name = Release;
		};
		A5CF8A4E25BB48BA00DAC2FA /* Debug */ = {
			isa = XCBuildConfiguration;
			baseConfigurationReference = 80FE3BB09C1B3604347F29B9 /* Pods-marvel-heroes-ios-marvel-heroes-iosUITests.debug.xcconfig */;
			buildSettings = {
				ALWAYS_EMBED_SWIFT_STANDARD_LIBRARIES = YES;
				CODE_SIGN_STYLE = Automatic;
				DEVELOPMENT_TEAM = MT6RW97B5Y;
				INFOPLIST_FILE = "marvel-heroes-iosUITests/Info.plist";
				LD_RUNPATH_SEARCH_PATHS = (
					"$(inherited)",
					"@executable_path/Frameworks",
					"@loader_path/Frameworks",
				);
				PRODUCT_BUNDLE_IDENTIFIER = "com.xff.app.marvel-heroes-iosUITests";
				PRODUCT_NAME = "$(TARGET_NAME)";
				SWIFT_VERSION = 5.0;
				TARGETED_DEVICE_FAMILY = "1,2";
				TEST_TARGET_NAME = "marvel-heroes-ios";
			};
			name = Debug;
		};
		A5CF8A4F25BB48BA00DAC2FA /* Release */ = {
			isa = XCBuildConfiguration;
			baseConfigurationReference = 2C4B1592C5BAB4E2CDBA8C0B /* Pods-marvel-heroes-ios-marvel-heroes-iosUITests.release.xcconfig */;
			buildSettings = {
				ALWAYS_EMBED_SWIFT_STANDARD_LIBRARIES = YES;
				CODE_SIGN_STYLE = Automatic;
				DEVELOPMENT_TEAM = MT6RW97B5Y;
				INFOPLIST_FILE = "marvel-heroes-iosUITests/Info.plist";
				LD_RUNPATH_SEARCH_PATHS = (
					"$(inherited)",
					"@executable_path/Frameworks",
					"@loader_path/Frameworks",
				);
				PRODUCT_BUNDLE_IDENTIFIER = "com.xff.app.marvel-heroes-iosUITests";
				PRODUCT_NAME = "$(TARGET_NAME)";
				SWIFT_VERSION = 5.0;
				TARGETED_DEVICE_FAMILY = "1,2";
				TEST_TARGET_NAME = "marvel-heroes-ios";
			};
			name = Release;
		};
/* End XCBuildConfiguration section */

/* Begin XCConfigurationList section */
		A5CF8A1825BB48B800DAC2FA /* Build configuration list for PBXProject "marvel-heroes-ios" */ = {
			isa = XCConfigurationList;
			buildConfigurations = (
				A5CF8A4525BB48BA00DAC2FA /* Debug */,
				A5CF8A4625BB48BA00DAC2FA /* Release */,
			);
			defaultConfigurationIsVisible = 0;
			defaultConfigurationName = Release;
		};
		A5CF8A4725BB48BA00DAC2FA /* Build configuration list for PBXNativeTarget "marvel-heroes-ios" */ = {
			isa = XCConfigurationList;
			buildConfigurations = (
				A5CF8A4825BB48BA00DAC2FA /* Debug */,
				A5CF8A4925BB48BA00DAC2FA /* Release */,
			);
			defaultConfigurationIsVisible = 0;
			defaultConfigurationName = Release;
		};
		A5CF8A4A25BB48BA00DAC2FA /* Build configuration list for PBXNativeTarget "marvel-heroes-iosTests" */ = {
			isa = XCConfigurationList;
			buildConfigurations = (
				A5CF8A4B25BB48BA00DAC2FA /* Debug */,
				A5CF8A4C25BB48BA00DAC2FA /* Release */,
			);
			defaultConfigurationIsVisible = 0;
			defaultConfigurationName = Release;
		};
		A5CF8A4D25BB48BA00DAC2FA /* Build configuration list for PBXNativeTarget "marvel-heroes-iosUITests" */ = {
			isa = XCConfigurationList;
			buildConfigurations = (
				A5CF8A4E25BB48BA00DAC2FA /* Debug */,
				A5CF8A4F25BB48BA00DAC2FA /* Release */,
			);
			defaultConfigurationIsVisible = 0;
			defaultConfigurationName = Release;
		};
/* End XCConfigurationList section */
	};
	rootObject = A5CF8A1525BB48B800DAC2FA /* Project object */;
}
